
Microsoft Visual Studio Solution File, Format Version 12.00
# Visual Studio 14
VisualStudioVersion = 14.0.24720.0
MinimumVisualStudioVersion = 10.0.40219.1
Project("{8BC9CEB8-8B4A-11D0-8D11-00A0C91BC942}") = "Alpha", "Alpha\Alpha.vcxproj", "{56511167-4760-4D3C-9B65-0AC85DEC2D8F}"
EndProject
Project("{FAE04EC0-301F-11D3-BF4B-00C04F79EFBC}") = "Test", "CsTest\Test.csproj", "{E9579FD0-B16C-4A08-ACF1-DB62F9108D18}"
EndProject
Project("{8BC9CEB8-8B4A-11D0-8D11-00A0C91BC942}") = "WdfEx", "WdfEx\WdfEx.vcxproj", "{AD759D1E-C8F2-4F7D-8F1E-F1D1D7D21AC9}"
EndProject
Project("{8BC9CEB8-8B4A-11D0-8D11-00A0C91BC942}") = "XYMapParser", "MapEx\XYMapParser.vcxproj", "{247AF05E-7E4A-487E-A308-664FE3814610}"
EndProject
Project("{8BC9CEB8-8B4A-11D0-8D11-00A0C91BC942}") = "jpeglib", "MapEx\jpeglib\jpeglib.vcxproj", "{464130FB-7F96-4A24-85BF-9A9C7D367975}"
EndProject
Project("{FAE04EC0-301F-11D3-BF4B-00C04F79EFBC}") = "wdf", "wdfexCs\wdf.csproj", "{B0D890DB-4BAB-4918-B334-4B7DD972E27A}"
EndProject
Project("{8BC9CEB8-8B4A-11D0-8D11-00A0C91BC942}") = "WdfTool", "WdfTool\WdfTool.vcxproj", "{815DE06D-7289-44D1-9EEE-E05328465354}"
EndProject
Project("{8BC9CEB8-8B4A-11D0-8D11-00A0C91BC942}") = "pnglib", "pnglib\pnglib.vcxproj", "{97D66060-1E52-4D6B-AD0C-6E6A8695BBB9}"
EndProject
Project("{8BC9CEB8-8B4A-11D0-8D11-00A0C91BC942}") = "zlib", "zlib\zlib.vcxproj", "{121B5D01-057D-4F63-80B2-0A04CC263971}"
EndProject
Project("{8BC9CEB8-8B4A-11D0-8D11-00A0C91BC942}") = "png2", "png2\png2.vcxproj", "{E845F8AE-D60A-4DC1-BEC5-EE24E09A89B8}"
EndProject
Project("{FAE04EC0-301F-11D3-BF4B-00C04F79EFBC}") = "TrueType", "TrueType\TrueType.csproj", "{0A2BA283-8866-4F5B-9036-83F6E321A0B9}"
EndProject
Project("{8BC9CEB8-8B4A-11D0-8D11-00A0C91BC942}") = "FontsView(GetGlyphOutline)", "FontsView\FontsView.vcxproj", "{F8735C0A-64E6-4649-A1FE-F2A0168D4F70}"
EndProject
Project("{8BC9CEB8-8B4A-11D0-8D11-00A0C91BC942}") = "Alpha_MapEditor", "Alpha_MapEditor\Alpha_MapEditor.vcxproj", "{3A0DBA4E-16F5-4E08-BC75-F6A8CAC75F53}"
EndProject
Project("{8BC9CEB8-8B4A-11D0-8D11-00A0C91BC942}") = "V8", "V8\V8.vcxproj", "{93C9F95A-7C4D-4D78-8BF8-75F4DC85C4E2}"
EndProject
Project("{8BC9CEB8-8B4A-11D0-8D11-00A0C91BC942}") = "googleV8", "..\googleV8\googleV8.vcxproj", "{1B7467DE-A002-4AF6-AB76-1C6BD526EBB8}"
EndProject
Project("{FAE04EC0-301F-11D3-BF4B-00C04F79EFBC}") = "Beta", "Beta\Beta.csproj", "{04AF93EF-E18F-4E6E-A97D-4AA0C261026C}"
EndProject
Project("{8BC9CEB8-8B4A-11D0-8D11-00A0C91BC942}") = "Beta_CppApi", "Beta_CppApi\Beta_CppApi.vcxproj", "{ED8FBE21-4AA2-4082-BDC9-938637BBD074}"
EndProject
Project("{8BC9CEB8-8B4A-11D0-8D11-00A0C91BC942}") = "CTest", "CTest\CTest.vcxproj", "{74B26030-9808-41E2-B7D4-A603907B0693}"
EndProject
Project("{8BC9CEB8-8B4A-11D0-8D11-00A0C91BC942}") = "userV8", "..\userV8\userV8.vcxproj", "{07A3A125-6A85-411E-91E5-8542E3810A4D}"
EndProject
Global
	GlobalSection(SolutionConfigurationPlatforms) = preSolution
		Debug|Any CPU = Debug|Any CPU
		Debug|Mixed Platforms = Debug|Mixed Platforms
		Debug|Win32 = Debug|Win32
		Debug|x64 = Debug|x64
		Debug|x86 = Debug|x86
		Release|Any CPU = Release|Any CPU
		Release|Mixed Platforms = Release|Mixed Platforms
		Release|Win32 = Release|Win32
		Release|x64 = Release|x64
		Release|x86 = Release|x86
	EndGlobalSection
	GlobalSection(ProjectConfigurationPlatforms) = postSolution
		{56511167-4760-4D3C-9B65-0AC85DEC2D8F}.Debug|Any CPU.ActiveCfg = Debug|Win32
		{56511167-4760-4D3C-9B65-0AC85DEC2D8F}.Debug|Mixed Platforms.ActiveCfg = Debug|Win32
		{56511167-4760-4D3C-9B65-0AC85DEC2D8F}.Debug|Win32.ActiveCfg = Debug|Win32
		{56511167-4760-4D3C-9B65-0AC85DEC2D8F}.Debug|Win32.Build.0 = Debug|Win32
		{56511167-4760-4D3C-9B65-0AC85DEC2D8F}.Debug|x64.ActiveCfg = Debug|Win32
		{56511167-4760-4D3C-9B65-0AC85DEC2D8F}.Debug|x86.ActiveCfg = Debug|Win32
		{56511167-4760-4D3C-9B65-0AC85DEC2D8F}.Debug|x86.Build.0 = Debug|Win32
		{56511167-4760-4D3C-9B65-0AC85DEC2D8F}.Release|Any CPU.ActiveCfg = Release|Win32
		{56511167-4760-4D3C-9B65-0AC85DEC2D8F}.Release|Mixed Platforms.ActiveCfg = Release|Win32
		{56511167-4760-4D3C-9B65-0AC85DEC2D8F}.Release|Mixed Platforms.Build.0 = Release|Win32
		{56511167-4760-4D3C-9B65-0AC85DEC2D8F}.Release|Win32.ActiveCfg = Release|Win32
		{56511167-4760-4D3C-9B65-0AC85DEC2D8F}.Release|Win32.Build.0 = Release|Win32
		{56511167-4760-4D3C-9B65-0AC85DEC2D8F}.Release|x64.ActiveCfg = Release|Win32
		{56511167-4760-4D3C-9B65-0AC85DEC2D8F}.Release|x86.ActiveCfg = Release|Win32
		{56511167-4760-4D3C-9B65-0AC85DEC2D8F}.Release|x86.Build.0 = Release|Win32
		{E9579FD0-B16C-4A08-ACF1-DB62F9108D18}.Debug|Any CPU.ActiveCfg = Debug|Any CPU
		{E9579FD0-B16C-4A08-ACF1-DB62F9108D18}.Debug|Any CPU.Build.0 = Debug|Any CPU
		{E9579FD0-B16C-4A08-ACF1-DB62F9108D18}.Debug|Mixed Platforms.ActiveCfg = Debug|Any CPU
		{E9579FD0-B16C-4A08-ACF1-DB62F9108D18}.Debug|Win32.ActiveCfg = Debug|Any CPU
		{E9579FD0-B16C-4A08-ACF1-DB62F9108D18}.Debug|x64.ActiveCfg = Debug|Any CPU
		{E9579FD0-B16C-4A08-ACF1-DB62F9108D18}.Debug|x86.ActiveCfg = Debug|Any CPU
		{E9579FD0-B16C-4A08-ACF1-DB62F9108D18}.Release|Any CPU.ActiveCfg = Release|Any CPU
		{E9579FD0-B16C-4A08-ACF1-DB62F9108D18}.Release|Any CPU.Build.0 = Release|Any CPU
		{E9579FD0-B16C-4A08-ACF1-DB62F9108D18}.Release|Mixed Platforms.ActiveCfg = Release|Any CPU
		{E9579FD0-B16C-4A08-ACF1-DB62F9108D18}.Release|Mixed Platforms.Build.0 = Release|Any CPU
		{E9579FD0-B16C-4A08-ACF1-DB62F9108D18}.Release|Win32.ActiveCfg = Release|Any CPU
		{E9579FD0-B16C-4A08-ACF1-DB62F9108D18}.Release|x64.ActiveCfg = Release|Any CPU
		{E9579FD0-B16C-4A08-ACF1-DB62F9108D18}.Release|x86.ActiveCfg = Release|Any CPU
		{AD759D1E-C8F2-4F7D-8F1E-F1D1D7D21AC9}.Debug|Any CPU.ActiveCfg = Debug|Win32
		{AD759D1E-C8F2-4F7D-8F1E-F1D1D7D21AC9}.Debug|Mixed Platforms.ActiveCfg = Debug|Win32
		{AD759D1E-C8F2-4F7D-8F1E-F1D1D7D21AC9}.Debug|Win32.ActiveCfg = Debug|Win32
		{AD759D1E-C8F2-4F7D-8F1E-F1D1D7D21AC9}.Debug|x64.ActiveCfg = Debug|Win32
		{AD759D1E-C8F2-4F7D-8F1E-F1D1D7D21AC9}.Debug|x86.ActiveCfg = Debug|Win32
		{AD759D1E-C8F2-4F7D-8F1E-F1D1D7D21AC9}.Debug|x86.Build.0 = Debug|Win32
		{AD759D1E-C8F2-4F7D-8F1E-F1D1D7D21AC9}.Release|Any CPU.ActiveCfg = Release|Win32
		{AD759D1E-C8F2-4F7D-8F1E-F1D1D7D21AC9}.Release|Mixed Platforms.ActiveCfg = Release|Win32
		{AD759D1E-C8F2-4F7D-8F1E-F1D1D7D21AC9}.Release|Mixed Platforms.Build.0 = Release|Win32
		{AD759D1E-C8F2-4F7D-8F1E-F1D1D7D21AC9}.Release|Win32.ActiveCfg = Release|Win32
		{AD759D1E-C8F2-4F7D-8F1E-F1D1D7D21AC9}.Release|Win32.Build.0 = Release|Win32
		{AD759D1E-C8F2-4F7D-8F1E-F1D1D7D21AC9}.Release|x64.ActiveCfg = Release|Win32
		{AD759D1E-C8F2-4F7D-8F1E-F1D1D7D21AC9}.Release|x86.ActiveCfg = Release|Win32
		{AD759D1E-C8F2-4F7D-8F1E-F1D1D7D21AC9}.Release|x86.Build.0 = Release|Win32
		{247AF05E-7E4A-487E-A308-664FE3814610}.Debug|Any CPU.ActiveCfg = Debug|Win32
		{247AF05E-7E4A-487E-A308-664FE3814610}.Debug|Mixed Platforms.ActiveCfg = Debug|Win32
		{247AF05E-7E4A-487E-A308-664FE3814610}.Debug|Win32.ActiveCfg = Debug|Win32
		{247AF05E-7E4A-487E-A308-664FE3814610}.Debug|Win32.Build.0 = Debug|Win32
		{247AF05E-7E4A-487E-A308-664FE3814610}.Debug|x64.ActiveCfg = Debug|Win32
		{247AF05E-7E4A-487E-A308-664FE3814610}.Debug|x86.ActiveCfg = Debug|Win32
		{247AF05E-7E4A-487E-A308-664FE3814610}.Debug|x86.Build.0 = Debug|Win32
		{247AF05E-7E4A-487E-A308-664FE3814610}.Release|Any CPU.ActiveCfg = Release|Win32
		{247AF05E-7E4A-487E-A308-664FE3814610}.Release|Mixed Platforms.ActiveCfg = Release|Win32
		{247AF05E-7E4A-487E-A308-664FE3814610}.Release|Mixed Platforms.Build.0 = Release|Win32
		{247AF05E-7E4A-487E-A308-664FE3814610}.Release|Win32.ActiveCfg = Release|Win32
		{247AF05E-7E4A-487E-A308-664FE3814610}.Release|Win32.Build.0 = Release|Win32
		{247AF05E-7E4A-487E-A308-664FE3814610}.Release|x64.ActiveCfg = Release|Win32
		{247AF05E-7E4A-487E-A308-664FE3814610}.Release|x86.ActiveCfg = Release|Win32
		{247AF05E-7E4A-487E-A308-664FE3814610}.Release|x86.Build.0 = Release|Win32
		{464130FB-7F96-4A24-85BF-9A9C7D367975}.Debug|Any CPU.ActiveCfg = Debug|Win32
		{464130FB-7F96-4A24-85BF-9A9C7D367975}.Debug|Mixed Platforms.ActiveCfg = Debug|Win32
		{464130FB-7F96-4A24-85BF-9A9C7D367975}.Debug|Win32.ActiveCfg = Debug|Win32
		{464130FB-7F96-4A24-85BF-9A9C7D367975}.Debug|Win32.Build.0 = Debug|Win32
		{464130FB-7F96-4A24-85BF-9A9C7D367975}.Debug|x64.ActiveCfg = Debug|Win32
		{464130FB-7F96-4A24-85BF-9A9C7D367975}.Debug|x86.ActiveCfg = Debug|Win32
		{464130FB-7F96-4A24-85BF-9A9C7D367975}.Debug|x86.Build.0 = Debug|Win32
		{464130FB-7F96-4A24-85BF-9A9C7D367975}.Release|Any CPU.ActiveCfg = Release|Win32
		{464130FB-7F96-4A24-85BF-9A9C7D367975}.Release|Mixed Platforms.ActiveCfg = Release|Win32
		{464130FB-7F96-4A24-85BF-9A9C7D367975}.Release|Mixed Platforms.Build.0 = Release|Win32
		{464130FB-7F96-4A24-85BF-9A9C7D367975}.Release|Win32.ActiveCfg = Release|Win32
		{464130FB-7F96-4A24-85BF-9A9C7D367975}.Release|Win32.Build.0 = Release|Win32
		{464130FB-7F96-4A24-85BF-9A9C7D367975}.Release|x64.ActiveCfg = Release|Win32
		{464130FB-7F96-4A24-85BF-9A9C7D367975}.Release|x86.ActiveCfg = Release|Win32
		{464130FB-7F96-4A24-85BF-9A9C7D367975}.Release|x86.Build.0 = Release|Win32
		{B0D890DB-4BAB-4918-B334-4B7DD972E27A}.Debug|Any CPU.ActiveCfg = Debug|Any CPU
		{B0D890DB-4BAB-4918-B334-4B7DD972E27A}.Debug|Any CPU.Build.0 = Debug|Any CPU
		{B0D890DB-4BAB-4918-B334-4B7DD972E27A}.Debug|Mixed Platforms.ActiveCfg = Debug|Any CPU
		{B0D890DB-4BAB-4918-B334-4B7DD972E27A}.Debug|Win32.ActiveCfg = Debug|Any CPU
		{B0D890DB-4BAB-4918-B334-4B7DD972E27A}.Debug|x64.ActiveCfg = Debug|Any CPU
		{B0D890DB-4BAB-4918-B334-4B7DD972E27A}.Debug|x86.ActiveCfg = Debug|Any CPU
		{B0D890DB-4BAB-4918-B334-4B7DD972E27A}.Release|Any CPU.ActiveCfg = Release|Any CPU
		{B0D890DB-4BAB-4918-B334-4B7DD972E27A}.Release|Any CPU.Build.0 = Release|Any CPU
		{B0D890DB-4BAB-4918-B334-4B7DD972E27A}.Release|Mixed Platforms.ActiveCfg = Release|Any CPU
		{B0D890DB-4BAB-4918-B334-4B7DD972E27A}.Release|Mixed Platforms.Build.0 = Release|Any CPU
		{B0D890DB-4BAB-4918-B334-4B7DD972E27A}.Release|Win32.ActiveCfg = Release|Any CPU
		{B0D890DB-4BAB-4918-B334-4B7DD972E27A}.Release|x64.ActiveCfg = Release|Any CPU
		{B0D890DB-4BAB-4918-B334-4B7DD972E27A}.Release|x86.ActiveCfg = Release|Any CPU
		{815DE06D-7289-44D1-9EEE-E05328465354}.Debug|Any CPU.ActiveCfg = Debug|Win32
		{815DE06D-7289-44D1-9EEE-E05328465354}.Debug|Mixed Platforms.ActiveCfg = Debug|Win32
		{815DE06D-7289-44D1-9EEE-E05328465354}.Debug|Win32.ActiveCfg = Debug|Win32
		{815DE06D-7289-44D1-9EEE-E05328465354}.Debug|Win32.Build.0 = Debug|Win32
		{815DE06D-7289-44D1-9EEE-E05328465354}.Debug|x64.ActiveCfg = Debug|Win32
		{815DE06D-7289-44D1-9EEE-E05328465354}.Debug|x86.ActiveCfg = Debug|Win32
		{815DE06D-7289-44D1-9EEE-E05328465354}.Debug|x86.Build.0 = Debug|Win32
		{815DE06D-7289-44D1-9EEE-E05328465354}.Release|Any CPU.ActiveCfg = Release|Win32
		{815DE06D-7289-44D1-9EEE-E05328465354}.Release|Mixed Platforms.ActiveCfg = Release|Win32
		{815DE06D-7289-44D1-9EEE-E05328465354}.Release|Mixed Platforms.Build.0 = Release|Win32
		{815DE06D-7289-44D1-9EEE-E05328465354}.Release|Win32.ActiveCfg = Release|Win32
		{815DE06D-7289-44D1-9EEE-E05328465354}.Release|Win32.Build.0 = Release|Win32
		{815DE06D-7289-44D1-9EEE-E05328465354}.Release|x64.ActiveCfg = Release|Win32
		{815DE06D-7289-44D1-9EEE-E05328465354}.Release|x86.ActiveCfg = Release|Win32
		{815DE06D-7289-44D1-9EEE-E05328465354}.Release|x86.Build.0 = Release|Win32
		{97D66060-1E52-4D6B-AD0C-6E6A8695BBB9}.Debug|Any CPU.ActiveCfg = Debug|Win32
		{97D66060-1E52-4D6B-AD0C-6E6A8695BBB9}.Debug|Mixed Platforms.ActiveCfg = Debug|Win32
		{97D66060-1E52-4D6B-AD0C-6E6A8695BBB9}.Debug|Win32.ActiveCfg = Debug|Win32
		{97D66060-1E52-4D6B-AD0C-6E6A8695BBB9}.Debug|Win32.Build.0 = Debug|Win32
		{97D66060-1E52-4D6B-AD0C-6E6A8695BBB9}.Debug|x64.ActiveCfg = Debug|Win32
		{97D66060-1E52-4D6B-AD0C-6E6A8695BBB9}.Debug|x86.ActiveCfg = Debug|Win32
		{97D66060-1E52-4D6B-AD0C-6E6A8695BBB9}.Debug|x86.Build.0 = Debug|Win32
		{97D66060-1E52-4D6B-AD0C-6E6A8695BBB9}.Release|Any CPU.ActiveCfg = Release|Win32
		{97D66060-1E52-4D6B-AD0C-6E6A8695BBB9}.Release|Mixed Platforms.ActiveCfg = Release|Win32
		{97D66060-1E52-4D6B-AD0C-6E6A8695BBB9}.Release|Mixed Platforms.Build.0 = Release|Win32
		{97D66060-1E52-4D6B-AD0C-6E6A8695BBB9}.Release|Win32.ActiveCfg = Release|Win32
		{97D66060-1E52-4D6B-AD0C-6E6A8695BBB9}.Release|Win32.Build.0 = Release|Win32
		{97D66060-1E52-4D6B-AD0C-6E6A8695BBB9}.Release|x64.ActiveCfg = Release|Win32
		{97D66060-1E52-4D6B-AD0C-6E6A8695BBB9}.Release|x86.ActiveCfg = Release|Win32
		{97D66060-1E52-4D6B-AD0C-6E6A8695BBB9}.Release|x86.Build.0 = Release|Win32
		{121B5D01-057D-4F63-80B2-0A04CC263971}.Debug|Any CPU.ActiveCfg = Debug|Win32
		{121B5D01-057D-4F63-80B2-0A04CC263971}.Debug|Mixed Platforms.ActiveCfg = Debug|Win32
		{121B5D01-057D-4F63-80B2-0A04CC263971}.Debug|Win32.ActiveCfg = Debug|Win32
		{121B5D01-057D-4F63-80B2-0A04CC263971}.Debug|Win32.Build.0 = Debug|Win32
		{121B5D01-057D-4F63-80B2-0A04CC263971}.Debug|x64.ActiveCfg = Debug|Win32
		{121B5D01-057D-4F63-80B2-0A04CC263971}.Debug|x86.ActiveCfg = Debug|Win32
		{121B5D01-057D-4F63-80B2-0A04CC263971}.Debug|x86.Build.0 = Debug|Win32
		{121B5D01-057D-4F63-80B2-0A04CC263971}.Release|Any CPU.ActiveCfg = Release|Win32
		{121B5D01-057D-4F63-80B2-0A04CC263971}.Release|Mixed Platforms.ActiveCfg = Release|Win32
		{121B5D01-057D-4F63-80B2-0A04CC263971}.Release|Mixed Platforms.Build.0 = Release|Win32
		{121B5D01-057D-4F63-80B2-0A04CC263971}.Release|Win32.ActiveCfg = Release|Win32
		{121B5D01-057D-4F63-80B2-0A04CC263971}.Release|Win32.Build.0 = Release|Win32
		{121B5D01-057D-4F63-80B2-0A04CC263971}.Release|x64.ActiveCfg = Release|Win32
		{121B5D01-057D-4F63-80B2-0A04CC263971}.Release|x86.ActiveCfg = Release|Win32
		{121B5D01-057D-4F63-80B2-0A04CC263971}.Release|x86.Build.0 = Release|Win32
		{E845F8AE-D60A-4DC1-BEC5-EE24E09A89B8}.Debug|Any CPU.ActiveCfg = Debug|Win32
		{E845F8AE-D60A-4DC1-BEC5-EE24E09A89B8}.Debug|Mixed Platforms.ActiveCfg = Debug|Win32
		{E845F8AE-D60A-4DC1-BEC5-EE24E09A89B8}.Debug|Win32.ActiveCfg = Debug|Win32
		{E845F8AE-D60A-4DC1-BEC5-EE24E09A89B8}.Debug|Win32.Build.0 = Debug|Win32
		{E845F8AE-D60A-4DC1-BEC5-EE24E09A89B8}.Debug|x64.ActiveCfg = Debug|Win32
		{E845F8AE-D60A-4DC1-BEC5-EE24E09A89B8}.Debug|x86.ActiveCfg = Debug|Win32
		{E845F8AE-D60A-4DC1-BEC5-EE24E09A89B8}.Debug|x86.Build.0 = Debug|Win32
		{E845F8AE-D60A-4DC1-BEC5-EE24E09A89B8}.Release|Any CPU.ActiveCfg = Release|Win32
		{E845F8AE-D60A-4DC1-BEC5-EE24E09A89B8}.Release|Mixed Platforms.ActiveCfg = Release|Win32
		{E845F8AE-D60A-4DC1-BEC5-EE24E09A89B8}.Release|Mixed Platforms.Build.0 = Release|Win32
		{E845F8AE-D60A-4DC1-BEC5-EE24E09A89B8}.Release|Win32.ActiveCfg = Release|Win32
		{E845F8AE-D60A-4DC1-BEC5-EE24E09A89B8}.Release|Win32.Build.0 = Release|Win32
		{E845F8AE-D60A-4DC1-BEC5-EE24E09A89B8}.Release|x64.ActiveCfg = Release|Win32
		{E845F8AE-D60A-4DC1-BEC5-EE24E09A89B8}.Release|x86.ActiveCfg = Release|Win32
		{E845F8AE-D60A-4DC1-BEC5-EE24E09A89B8}.Release|x86.Build.0 = Release|Win32
		{0A2BA283-8866-4F5B-9036-83F6E321A0B9}.Debug|Any CPU.ActiveCfg = Debug|Any CPU
		{0A2BA283-8866-4F5B-9036-83F6E321A0B9}.Debug|Any CPU.Build.0 = Debug|Any CPU
		{0A2BA283-8866-4F5B-9036-83F6E321A0B9}.Debug|Mixed Platforms.ActiveCfg = Debug|Any CPU
		{0A2BA283-8866-4F5B-9036-83F6E321A0B9}.Debug|Win32.ActiveCfg = Debug|x86
		{0A2BA283-8866-4F5B-9036-83F6E321A0B9}.Debug|Win32.Build.0 = Debug|x86
		{0A2BA283-8866-4F5B-9036-83F6E321A0B9}.Debug|x64.ActiveCfg = Debug|x64
		{0A2BA283-8866-4F5B-9036-83F6E321A0B9}.Debug|x64.Build.0 = Debug|x64
		{0A2BA283-8866-4F5B-9036-83F6E321A0B9}.Debug|x86.ActiveCfg = Debug|x86
		{0A2BA283-8866-4F5B-9036-83F6E321A0B9}.Debug|x86.Build.0 = Debug|x86
		{0A2BA283-8866-4F5B-9036-83F6E321A0B9}.Release|Any CPU.ActiveCfg = Release|Any CPU
		{0A2BA283-8866-4F5B-9036-83F6E321A0B9}.Release|Any CPU.Build.0 = Release|Any CPU
		{0A2BA283-8866-4F5B-9036-83F6E321A0B9}.Release|Mixed Platforms.ActiveCfg = Release|x86
		{0A2BA283-8866-4F5B-9036-83F6E321A0B9}.Release|Mixed Platforms.Build.0 = Release|x86
		{0A2BA283-8866-4F5B-9036-83F6E321A0B9}.Release|Win32.ActiveCfg = Release|x86
		{0A2BA283-8866-4F5B-9036-83F6E321A0B9}.Release|Win32.Build.0 = Release|x86
		{0A2BA283-8866-4F5B-9036-83F6E321A0B9}.Release|x64.ActiveCfg = Release|x64
		{0A2BA283-8866-4F5B-9036-83F6E321A0B9}.Release|x64.Build.0 = Release|x64
		{0A2BA283-8866-4F5B-9036-83F6E321A0B9}.Release|x86.ActiveCfg = Release|x86
		{0A2BA283-8866-4F5B-9036-83F6E321A0B9}.Release|x86.Build.0 = Release|x86
		{F8735C0A-64E6-4649-A1FE-F2A0168D4F70}.Debug|Any CPU.ActiveCfg = Debug|Win32
		{F8735C0A-64E6-4649-A1FE-F2A0168D4F70}.Debug|Mixed Platforms.ActiveCfg = Debug|Win32
		{F8735C0A-64E6-4649-A1FE-F2A0168D4F70}.Debug|Win32.ActiveCfg = Debug|Win32
		{F8735C0A-64E6-4649-A1FE-F2A0168D4F70}.Debug|Win32.Build.0 = Debug|Win32
		{F8735C0A-64E6-4649-A1FE-F2A0168D4F70}.Debug|x64.ActiveCfg = Debug|Win32
		{F8735C0A-64E6-4649-A1FE-F2A0168D4F70}.Debug|x86.ActiveCfg = Debug|Win32
		{F8735C0A-64E6-4649-A1FE-F2A0168D4F70}.Debug|x86.Build.0 = Debug|Win32
		{F8735C0A-64E6-4649-A1FE-F2A0168D4F70}.Release|Any CPU.ActiveCfg = Release|Win32
		{F8735C0A-64E6-4649-A1FE-F2A0168D4F70}.Release|Mixed Platforms.ActiveCfg = Release|Win32
		{F8735C0A-64E6-4649-A1FE-F2A0168D4F70}.Release|Mixed Platforms.Build.0 = Release|Win32
		{F8735C0A-64E6-4649-A1FE-F2A0168D4F70}.Release|Win32.ActiveCfg = Release|Win32
		{F8735C0A-64E6-4649-A1FE-F2A0168D4F70}.Release|Win32.Build.0 = Release|Win32
		{F8735C0A-64E6-4649-A1FE-F2A0168D4F70}.Release|x64.ActiveCfg = Release|Win32
		{F8735C0A-64E6-4649-A1FE-F2A0168D4F70}.Release|x86.ActiveCfg = Release|Win32
		{F8735C0A-64E6-4649-A1FE-F2A0168D4F70}.Release|x86.Build.0 = Release|Win32
		{3A0DBA4E-16F5-4E08-BC75-F6A8CAC75F53}.Debug|Any CPU.ActiveCfg = Debug|Win32
		{3A0DBA4E-16F5-4E08-BC75-F6A8CAC75F53}.Debug|Mixed Platforms.ActiveCfg = Debug|Win32
		{3A0DBA4E-16F5-4E08-BC75-F6A8CAC75F53}.Debug|Win32.ActiveCfg = Debug|Win32
		{3A0DBA4E-16F5-4E08-BC75-F6A8CAC75F53}.Debug|Win32.Build.0 = Debug|Win32
		{3A0DBA4E-16F5-4E08-BC75-F6A8CAC75F53}.Debug|x64.ActiveCfg = Debug|Win32
		{3A0DBA4E-16F5-4E08-BC75-F6A8CAC75F53}.Debug|x86.ActiveCfg = Debug|Win32
		{3A0DBA4E-16F5-4E08-BC75-F6A8CAC75F53}.Debug|x86.Build.0 = Debug|Win32
		{3A0DBA4E-16F5-4E08-BC75-F6A8CAC75F53}.Release|Any CPU.ActiveCfg = Release|Win32
		{3A0DBA4E-16F5-4E08-BC75-F6A8CAC75F53}.Release|Mixed Platforms.ActiveCfg = Release|Win32
		{3A0DBA4E-16F5-4E08-BC75-F6A8CAC75F53}.Release|Mixed Platforms.Build.0 = Release|Win32
		{3A0DBA4E-16F5-4E08-BC75-F6A8CAC75F53}.Release|Win32.ActiveCfg = Release|Win32
		{3A0DBA4E-16F5-4E08-BC75-F6A8CAC75F53}.Release|Win32.Build.0 = Release|Win32
		{3A0DBA4E-16F5-4E08-BC75-F6A8CAC75F53}.Release|x64.ActiveCfg = Release|Win32
		{3A0DBA4E-16F5-4E08-BC75-F6A8CAC75F53}.Release|x86.ActiveCfg = Release|Win32
		{3A0DBA4E-16F5-4E08-BC75-F6A8CAC75F53}.Release|x86.Build.0 = Release|Win32
		{93C9F95A-7C4D-4D78-8BF8-75F4DC85C4E2}.Debug|Any CPU.ActiveCfg = Debug|Win32
		{93C9F95A-7C4D-4D78-8BF8-75F4DC85C4E2}.Debug|Mixed Platforms.ActiveCfg = Debug|Win32
		{93C9F95A-7C4D-4D78-8BF8-75F4DC85C4E2}.Debug|Win32.ActiveCfg = Debug|Win32
		{93C9F95A-7C4D-4D78-8BF8-75F4DC85C4E2}.Debug|Win32.Build.0 = Debug|Win32
		{93C9F95A-7C4D-4D78-8BF8-75F4DC85C4E2}.Debug|x64.ActiveCfg = Debug|Win32
		{93C9F95A-7C4D-4D78-8BF8-75F4DC85C4E2}.Debug|x86.ActiveCfg = Debug|Win32
		{93C9F95A-7C4D-4D78-8BF8-75F4DC85C4E2}.Debug|x86.Build.0 = Debug|Win32
		{93C9F95A-7C4D-4D78-8BF8-75F4DC85C4E2}.Release|Any CPU.ActiveCfg = Release|Win32
		{93C9F95A-7C4D-4D78-8BF8-75F4DC85C4E2}.Release|Mixed Platforms.ActiveCfg = Release|Win32
		{93C9F95A-7C4D-4D78-8BF8-75F4DC85C4E2}.Release|Mixed Platforms.Build.0 = Release|Win32
		{93C9F95A-7C4D-4D78-8BF8-75F4DC85C4E2}.Release|Win32.ActiveCfg = Release|Win32
		{93C9F95A-7C4D-4D78-8BF8-75F4DC85C4E2}.Release|Win32.Build.0 = Release|Win32
		{93C9F95A-7C4D-4D78-8BF8-75F4DC85C4E2}.Release|x64.ActiveCfg = Release|Win32
		{93C9F95A-7C4D-4D78-8BF8-75F4DC85C4E2}.Release|x86.ActiveCfg = Release|Win32
		{93C9F95A-7C4D-4D78-8BF8-75F4DC85C4E2}.Release|x86.Build.0 = Release|Win32
		{1B7467DE-A002-4AF6-AB76-1C6BD526EBB8}.Debug|Any CPU.ActiveCfg = Debug|Win32
		{1B7467DE-A002-4AF6-AB76-1C6BD526EBB8}.Debug|Mixed Platforms.ActiveCfg = Debug|Win32
		{1B7467DE-A002-4AF6-AB76-1C6BD526EBB8}.Debug|Win32.ActiveCfg = Debug|Win32
		{1B7467DE-A002-4AF6-AB76-1C6BD526EBB8}.Debug|Win32.Build.0 = Debug|Win32
		{1B7467DE-A002-4AF6-AB76-1C6BD526EBB8}.Debug|x64.ActiveCfg = Debug|x64
		{1B7467DE-A002-4AF6-AB76-1C6BD526EBB8}.Debug|x64.Build.0 = Debug|x64
		{1B7467DE-A002-4AF6-AB76-1C6BD526EBB8}.Debug|x86.ActiveCfg = Debug|Win32
		{1B7467DE-A002-4AF6-AB76-1C6BD526EBB8}.Debug|x86.Build.0 = Debug|Win32
		{1B7467DE-A002-4AF6-AB76-1C6BD526EBB8}.Release|Any CPU.ActiveCfg = Release|Win32
		{1B7467DE-A002-4AF6-AB76-1C6BD526EBB8}.Release|Mixed Platforms.ActiveCfg = Release|Win32
		{1B7467DE-A002-4AF6-AB76-1C6BD526EBB8}.Release|Mixed Platforms.Build.0 = Release|Win32
		{1B7467DE-A002-4AF6-AB76-1C6BD526EBB8}.Release|Win32.ActiveCfg = Release|Win32
		{1B7467DE-A002-4AF6-AB76-1C6BD526EBB8}.Release|Win32.Build.0 = Release|Win32
		{1B7467DE-A002-4AF6-AB76-1C6BD526EBB8}.Release|x64.ActiveCfg = Release|x64
		{1B7467DE-A002-4AF6-AB76-1C6BD526EBB8}.Release|x64.Build.0 = Release|x64
		{1B7467DE-A002-4AF6-AB76-1C6BD526EBB8}.Release|x86.ActiveCfg = Release|Win32
		{1B7467DE-A002-4AF6-AB76-1C6BD526EBB8}.Release|x86.Build.0 = Release|Win32
		{04AF93EF-E18F-4E6E-A97D-4AA0C261026C}.Debug|Any CPU.ActiveCfg = Debug|Any CPU
		{04AF93EF-E18F-4E6E-A97D-4AA0C261026C}.Debug|Any CPU.Build.0 = Debug|Any CPU
		{04AF93EF-E18F-4E6E-A97D-4AA0C261026C}.Debug|Mixed Platforms.ActiveCfg = Debug|Any CPU
		{04AF93EF-E18F-4E6E-A97D-4AA0C261026C}.Debug|Mixed Platforms.Build.0 = Debug|Any CPU
		{04AF93EF-E18F-4E6E-A97D-4AA0C261026C}.Debug|Win32.ActiveCfg = Debug|Any CPU
		{04AF93EF-E18F-4E6E-A97D-4AA0C261026C}.Debug|Win32.Build.0 = Debug|Any CPU
		{04AF93EF-E18F-4E6E-A97D-4AA0C261026C}.Debug|x64.ActiveCfg = Debug|Any CPU
		{04AF93EF-E18F-4E6E-A97D-4AA0C261026C}.Debug|x64.Build.0 = Debug|Any CPU
		{04AF93EF-E18F-4E6E-A97D-4AA0C261026C}.Debug|x86.ActiveCfg = Debug|Any CPU
		{04AF93EF-E18F-4E6E-A97D-4AA0C261026C}.Debug|x86.Build.0 = Debug|Any CPU
		{04AF93EF-E18F-4E6E-A97D-4AA0C261026C}.Release|Any CPU.ActiveCfg = Release|Any CPU
		{04AF93EF-E18F-4E6E-A97D-4AA0C261026C}.Release|Any CPU.Build.0 = Release|Any CPU
		{04AF93EF-E18F-4E6E-A97D-4AA0C261026C}.Release|Mixed Platforms.ActiveCfg = Release|Any CPU
		{04AF93EF-E18F-4E6E-A97D-4AA0C261026C}.Release|Mixed Platforms.Build.0 = Release|Any CPU
		{04AF93EF-E18F-4E6E-A97D-4AA0C261026C}.Release|Win32.ActiveCfg = Release|Any CPU
		{04AF93EF-E18F-4E6E-A97D-4AA0C261026C}.Release|Win32.Build.0 = Release|Any CPU
		{04AF93EF-E18F-4E6E-A97D-4AA0C261026C}.Release|x64.ActiveCfg = Release|Any CPU
		{04AF93EF-E18F-4E6E-A97D-4AA0C261026C}.Release|x64.Build.0 = Release|Any CPU
		{04AF93EF-E18F-4E6E-A97D-4AA0C261026C}.Release|x86.ActiveCfg = Release|Any CPU
		{04AF93EF-E18F-4E6E-A97D-4AA0C261026C}.Release|x86.Build.0 = Release|Any CPU
		{ED8FBE21-4AA2-4082-BDC9-938637BBD074}.Debug|Any CPU.ActiveCfg = Debug|Win32
		{ED8FBE21-4AA2-4082-BDC9-938637BBD074}.Debug|Mixed Platforms.ActiveCfg = Debug|Win32
		{ED8FBE21-4AA2-4082-BDC9-938637BBD074}.Debug|Mixed Platforms.Build.0 = Debug|Win32
		{ED8FBE21-4AA2-4082-BDC9-938637BBD074}.Debug|Win32.ActiveCfg = Debug|Win32
		{ED8FBE21-4AA2-4082-BDC9-938637BBD074}.Debug|Win32.Build.0 = Debug|Win32
		{ED8FBE21-4AA2-4082-BDC9-938637BBD074}.Debug|x64.ActiveCfg = Debug|x64
		{ED8FBE21-4AA2-4082-BDC9-938637BBD074}.Debug|x64.Build.0 = Debug|x64
		{ED8FBE21-4AA2-4082-BDC9-938637BBD074}.Debug|x86.ActiveCfg = Debug|Win32
		{ED8FBE21-4AA2-4082-BDC9-938637BBD074}.Debug|x86.Build.0 = Debug|Win32
		{ED8FBE21-4AA2-4082-BDC9-938637BBD074}.Release|Any CPU.ActiveCfg = Release|Win32
		{ED8FBE21-4AA2-4082-BDC9-938637BBD074}.Release|Mixed Platforms.ActiveCfg = Release|Win32
		{ED8FBE21-4AA2-4082-BDC9-938637BBD074}.Release|Mixed Platforms.Build.0 = Release|Win32
		{ED8FBE21-4AA2-4082-BDC9-938637BBD074}.Release|Win32.ActiveCfg = Release|Win32
		{ED8FBE21-4AA2-4082-BDC9-938637BBD074}.Release|Win32.Build.0 = Release|Win32
		{ED8FBE21-4AA2-4082-BDC9-938637BBD074}.Release|x64.ActiveCfg = Release|x64
		{ED8FBE21-4AA2-4082-BDC9-938637BBD074}.Release|x64.Build.0 = Release|x64
		{ED8FBE21-4AA2-4082-BDC9-938637BBD074}.Release|x86.ActiveCfg = Release|Win32
		{ED8FBE21-4AA2-4082-BDC9-938637BBD074}.Release|x86.Build.0 = Release|Win32
		{74B26030-9808-41E2-B7D4-A603907B0693}.Debug|Any CPU.ActiveCfg = Debug|Win32
		{74B26030-9808-41E2-B7D4-A603907B0693}.Debug|Mixed Platforms.ActiveCfg = Debug|Win32
		{74B26030-9808-41E2-B7D4-A603907B0693}.Debug|Mixed Platforms.Build.0 = Debug|Win32
		{74B26030-9808-41E2-B7D4-A603907B0693}.Debug|Win32.ActiveCfg = Debug|Win32
		{74B26030-9808-41E2-B7D4-A603907B0693}.Debug|Win32.Build.0 = Debug|Win32
		{74B26030-9808-41E2-B7D4-A603907B0693}.Debug|x64.ActiveCfg = Debug|x64
		{74B26030-9808-41E2-B7D4-A603907B0693}.Debug|x64.Build.0 = Debug|x64
		{74B26030-9808-41E2-B7D4-A603907B0693}.Debug|x86.ActiveCfg = Debug|Win32
		{74B26030-9808-41E2-B7D4-A603907B0693}.Debug|x86.Build.0 = Debug|Win32
		{74B26030-9808-41E2-B7D4-A603907B0693}.Release|Any CPU.ActiveCfg = Release|Win32
		{74B26030-9808-41E2-B7D4-A603907B0693}.Release|Mixed Platforms.ActiveCfg = Release|Win32
		{74B26030-9808-41E2-B7D4-A603907B0693}.Release|Mixed Platforms.Build.0 = Release|Win32
		{74B26030-9808-41E2-B7D4-A603907B0693}.Release|Win32.ActiveCfg = Release|Win32
		{74B26030-9808-41E2-B7D4-A603907B0693}.Release|Win32.Build.0 = Release|Win32
		{74B26030-9808-41E2-B7D4-A603907B0693}.Release|x64.ActiveCfg = Release|x64
		{74B26030-9808-41E2-B7D4-A603907B0693}.Release|x64.Build.0 = Release|x64
		{74B26030-9808-41E2-B7D4-A603907B0693}.Release|x86.ActiveCfg = Release|Win32
		{74B26030-9808-41E2-B7D4-A603907B0693}.Release|x86.Build.0 = Release|Win32
		{07A3A125-6A85-411E-91E5-8542E3810A4D}.Debug|Any CPU.ActiveCfg = Debug|Win32
		{07A3A125-6A85-411E-91E5-8542E3810A4D}.Debug|Mixed Platforms.ActiveCfg = Debug|Win32
		{07A3A125-6A85-411E-91E5-8542E3810A4D}.Debug|Mixed Platforms.Build.0 = Debug|Win32
		{07A3A125-6A85-411E-91E5-8542E3810A4D}.Debug|Win32.ActiveCfg = Debug|Win32
		{07A3A125-6A85-411E-91E5-8542E3810A4D}.Debug|Win32.Build.0 = Debug|Win32
		{07A3A125-6A85-411E-91E5-8542E3810A4D}.Debug|x64.ActiveCfg = Debug|x64
		{07A3A125-6A85-411E-91E5-8542E3810A4D}.Debug|x64.Build.0 = Debug|x64
		{07A3A125-6A85-411E-91E5-8542E3810A4D}.Debug|x86.ActiveCfg = Debug|Win32
		{07A3A125-6A85-411E-91E5-8542E3810A4D}.Debug|x86.Build.0 = Debug|Win32
		{07A3A125-6A85-411E-91E5-8542E3810A4D}.Release|Any CPU.ActiveCfg = Release|Win32
		{07A3A125-6A85-411E-91E5-8542E3810A4D}.Release|Mixed Platforms.ActiveCfg = Release|Win32
		{07A3A125-6A85-411E-91E5-8542E3810A4D}.Release|Mixed Platforms.Build.0 = Release|Win32
		{07A3A125-6A85-411E-91E5-8542E3810A4D}.Release|Win32.ActiveCfg = Release|Win32
		{07A3A125-6A85-411E-91E5-8542E3810A4D}.Release|Win32.Build.0 = Release|Win32
		{07A3A125-6A85-411E-91E5-8542E3810A4D}.Release|x64.ActiveCfg = Release|x64
		{07A3A125-6A85-411E-91E5-8542E3810A4D}.Release|x64.Build.0 = Release|x64
		{07A3A125-6A85-411E-91E5-8542E3810A4D}.Release|x86.ActiveCfg = Release|Win32
		{07A3A125-6A85-411E-91E5-8542E3810A4D}.Release|x86.Build.0 = Release|Win32
	EndGlobalSection
	GlobalSection(SolutionProperties) = preSolution
		HideSolutionNode = FALSE
	EndGlobalSection
EndGlobal
