<?xml version="1.0" encoding="utf-8"?>
<Project ToolsVersion="4.0" xmlns="http://schemas.microsoft.com/developer/msbuild/2003">
  <ItemGroup>
    <Filter Include="源文件">
      <UniqueIdentifier>{4FC737F1-C7A5-4376-A066-2A32D752A2FF}</UniqueIdentifier>
      <Extensions>cpp;c;cc;cxx;def;odl;idl;hpj;bat;asm;asmx</Extensions>
    </Filter>
    <Filter Include="头文件">
      <UniqueIdentifier>{93995380-89BD-4b04-88EB-625FBE52EBFB}</UniqueIdentifier>
      <Extensions>h;hh;hpp;hxx;hm;inl;inc;xsd</Extensions>
    </Filter>
    <Filter Include="资源文件">
      <UniqueIdentifier>{67DA6AB6-F800-4c08-8B7A-83BB121AAD01}</UniqueIdentifier>
      <Extensions>rc;ico;cur;bmp;dlg;rc2;rct;bin;rgs;gif;jpg;jpeg;jpe;resx;tiff;tif;png;wav;mfcribbon-ms</Extensions>
    </Filter>
    <Filter Include="FileFormat">
      <UniqueIdentifier>{bb617766-80c5-4e9b-8286-fdd7bc5aa934}</UniqueIdentifier>
    </Filter>
    <Filter Include="Png">
      <UniqueIdentifier>{9dc6bff6-eea6-4af7-bff9-f6b3d2d836a9}</UniqueIdentifier>
    </Filter>
  </ItemGroup>
  <ItemGroup>
    <ClCompile Include="DllExport.cpp">
      <Filter>源文件</Filter>
    </ClCompile>
    <ClCompile Include="mapformat.cpp">
      <Filter>FileFormat</Filter>
    </ClCompile>
    <ClCompile Include="PNG.cpp">
      <Filter>Png</Filter>
    </ClCompile>
  </ItemGroup>
  <ItemGroup>
    <ClInclude Include="DllExport.h">
      <Filter>头文件</Filter>
    </ClInclude>
    <ClInclude Include="mapformat.h">
      <Filter>FileFormat</Filter>
    </ClInclude>
    <ClInclude Include="file.h">
      <Filter>FileFormat</Filter>
    </ClInclude>
    <ClInclude Include="JPEG.H">
      <Filter>FileFormat</Filter>
    </ClInclude>
    <ClInclude Include="CRC.h">
      <Filter>Png</Filter>
    </ClInclude>
    <ClInclude Include="zconf.h">
      <Filter>Png</Filter>
    </ClInclude>
    <ClInclude Include="zlib.h">
      <Filter>Png</Filter>
    </ClInclude>
    <ClInclude Include="Png.h">
      <Filter>头文件</Filter>
    </ClInclude>
  </ItemGroup>
</Project>